{
  "name": "selection",
  "version": "4.0.0",
  "lockfileVersion": 2,
  "requires": true,
  "packages": {
    "": {
      "version": "4.0.0",
      "license": "MIT",
      "peerDependencies": {
        "gridjs": "^4.0.0",
        "tslib": "^2.0.1"
      }
    },
    "node_modules/gridjs": {
      "version": "4.0.0",
      "license": "MIT",
      "peer": true,
      "dependencies": {
        "preact": "^10.5.12",
        "tslib": "^2.0.1"
      }
    },
    "node_modules/preact": {
      "version": "10.5.13",
      "license": "MIT",
      "peer": true,
      "funding": {
        "type": "opencollective",
        "url": "https://opencollective.com/preact"
      }
    },
    "node_modules/tslib": {
      "version": "2.2.0",
      "license": "0BSD",
      "peer": true
    }
  },
  "dependencies": {
    "gridjs": {
      "version": "4.0.0",
      "peer": true,
      "requires": {
        "preact": "^10.5.12",
        "tslib": "^2.0.1"
      }
    },
    "preact": {
      "version": "10.5.13",
      "peer": true
    },
    "tslib": {
      "version": "2.2.0",
      "peer": true
    }
  }
}
