{
  "name": "selection",
  "version": "4.0.0",
  "lockfileVersion": 2,
  "requires": true,
  "packages": {
    "": {
      "version": "4.0.0",
      "license": "MIT",
      "dependencies": {
        "gridjs": "^4.0.0"
      }
    },
    "node_modules/gridjs": {
      "version": "4.0.0",
      "resolved": "https://registry.npmjs.org/gridjs/-/gridjs-4.0.0.tgz",
      "integrity": "sha512-HSs5/DYcy+TF96TiYejqDQ5q4sZBTwVFfY3wKhz8oDD/kdeL5T03kWo2pih2906JVBlx/Qk9bAFzlGnnvsW7Gg==",
      "dependencies": {
        "preact": "^10.5.12",
        "tslib": "^2.0.1"
      }
    },
    "node_modules/preact": {
      "version": "10.5.13",
      "resolved": "https://registry.npmjs.org/preact/-/preact-10.5.13.tgz",
      "integrity": "sha512-q/vlKIGNwzTLu+jCcvywgGrt+H/1P/oIRSD6mV4ln3hmlC+Aa34C7yfPI4+5bzW8pONyVXYS7SvXosy2dKKtWQ=="
    },
    "node_modules/tslib": {
      "version": "2.2.0",
      "resolved": "https://registry.npmjs.org/tslib/-/tslib-2.2.0.tgz",
      "integrity": "sha512-gS9GVHRU+RGn5KQM2rllAlR3dU6m7AcpJKdtH8gFvQiC4Otgk98XnmMU+nZenHt/+VhnBPWwgrJsyrdcw6i23w=="
    }
  },
  "dependencies": {
    "gridjs": {
      "version": "4.0.0",
      "resolved": "https://registry.npmjs.org/gridjs/-/gridjs-4.0.0.tgz",
      "integrity": "sha512-HSs5/DYcy+TF96TiYejqDQ5q4sZBTwVFfY3wKhz8oDD/kdeL5T03kWo2pih2906JVBlx/Qk9bAFzlGnnvsW7Gg==",
      "requires": {
        "preact": "^10.5.12",
        "tslib": "^2.0.1"
      }
    },
    "preact": {
      "version": "10.5.13",
      "resolved": "https://registry.npmjs.org/preact/-/preact-10.5.13.tgz",
      "integrity": "sha512-q/vlKIGNwzTLu+jCcvywgGrt+H/1P/oIRSD6mV4ln3hmlC+Aa34C7yfPI4+5bzW8pONyVXYS7SvXosy2dKKtWQ=="
    },
    "tslib": {
      "version": "2.2.0",
      "resolved": "https://registry.npmjs.org/tslib/-/tslib-2.2.0.tgz",
      "integrity": "sha512-gS9GVHRU+RGn5KQM2rllAlR3dU6m7AcpJKdtH8gFvQiC4Otgk98XnmMU+nZenHt/+VhnBPWwgrJsyrdcw6i23w=="
    }
  }
}
