{
  "name": "selection",
  "version": "4.0.0",
  "lockfileVersion": 2,
  "requires": true,
  "packages": {
    "": {
      "name": "selection",
      "version": "4.0.0",
      "license": "MIT",
      "dependencies": {
        "gridjs": "../../"
      }
    },
    "node_modules/gridjs": {
      "version": "6.0.6",
      "resolved": "file:../..",
      "license": "MIT",
      "dependencies": {
        "preact": "^10.11.3"
      }
    },
    "node_modules/preact": {
      "version": "10.13.0",
      "resolved": "https://registry.npmjs.org/preact/-/preact-10.13.0.tgz",
      "integrity": "sha512-ERdIdUpR6doqdaSIh80hvzebHB7O6JxycOhyzAeLEchqOq/4yueslQbfnPwXaNhAYacFTyCclhwkEbOumT0tHw==",
      "funding": {
        "type": "opencollective",
        "url": "https://opencollective.com/preact"
      }
    }
  },
  "dependencies": {
    "gridjs": {
      "version": "6.0.6",
      "requires": {
        "preact": "^10.11.3"
      }
    },
    "preact": {
      "version": "10.13.0",
      "resolved": "https://registry.npmjs.org/preact/-/preact-10.13.0.tgz",
      "integrity": "sha512-ERdIdUpR6doqdaSIh80hvzebHB7O6JxycOhyzAeLEchqOq/4yueslQbfnPwXaNhAYacFTyCclhwkEbOumT0tHw=="
    }
  }
}
